
Microsoft Visual Studio Solution File, Format Version 12.00
# Visual Studio 2017
Project("{FAE04EC0-301F-11D3-BF4B-00C04F79EFBC}") = "TestingProject", "TestingProject.csproj", "{0FEAB0B1-29CE-D2B8-4FA5-0DA6EBB7C185}"
EndProject
Project("{FAE04EC0-301F-11D3-BF4B-00C04F79EFBC}") = "TestingProject.Editor", "TestingProject.Editor.csproj", "{053ABD2F-50BA-1F4E-4DFF-890C8E1499D9}"
EndProject
Global
	GlobalSection(SolutionConfigurationPlatforms) = preSolution
		Debug|Any CPU = Debug|Any CPU
		Release|Any CPU = Release|Any CPU
	EndGlobalSection
	GlobalSection(ProjectConfigurationPlatforms) = postSolution
		{0FEAB0B1-29CE-D2B8-4FA5-0DA6EBB7C185}.Debug|Any CPU.ActiveCfg = Debug|Any CPU
		{0FEAB0B1-29CE-D2B8-4FA5-0DA6EBB7C185}.Debug|Any CPU.Build.0 = Debug|Any CPU
		{0FEAB0B1-29CE-D2B8-4FA5-0DA6EBB7C185}.Release|Any CPU.ActiveCfg = Release|Any CPU
		{0FEAB0B1-29CE-D2B8-4FA5-0DA6EBB7C185}.Release|Any CPU.Build.0 = Release|Any CPU
		{053ABD2F-50BA-1F4E-4DFF-890C8E1499D9}.Debug|Any CPU.ActiveCfg = Debug|Any CPU
		{053ABD2F-50BA-1F4E-4DFF-890C8E1499D9}.Debug|Any CPU.Build.0 = Debug|Any CPU
		{053ABD2F-50BA-1F4E-4DFF-890C8E1499D9}.Release|Any CPU.ActiveCfg = Release|Any CPU
		{053ABD2F-50BA-1F4E-4DFF-890C8E1499D9}.Release|Any CPU.Build.0 = Release|Any CPU
	EndGlobalSection
	GlobalSection(SolutionProperties) = preSolution
		HideSolutionNode = FALSE
	EndGlobalSection
EndGlobal
